// !$*UTF8*$!
{
	archiveVersion = 1;
	classes = {
	};
	objectVersion = 56;
	objects = {

/* Begin PBXBuildFile section */
		55361E702D5B5B10005EEC15 /* RoutingProfilesPlugin.xcframework in Frameworks */ = {isa = PBXBuildFile; fileRef = 55361E622D5B5B10005EEC15 /* RoutingProfilesPlugin.xcframework */; };
		55361E712D5B5B10005EEC15 /* RoutingProfilesPlugin.xcframework in Embed Frameworks */ = {isa = PBXBuildFile; fileRef = 55361E622D5B5B10005EEC15 /* RoutingProfilesPlugin.xcframework */; settings = {ATTRIBUTES = (CodeSignOnCopy, RemoveHeadersOnCopy, ); }; };
		55361E722D5B5B10005EEC15 /* TrimbleMapsAccounts.xcframework in Frameworks */ = {isa = PBXBuildFile; fileRef = 55361E632D5B5B10005EEC15 /* TrimbleMapsAccounts.xcframework */; };
		55361E732D5B5B10005EEC15 /* TrimbleMapsAccounts.xcframework in Embed Frameworks */ = {isa = PBXBuildFile; fileRef = 55361E632D5B5B10005EEC15 /* TrimbleMapsAccounts.xcframework */; settings = {ATTRIBUTES = (CodeSignOnCopy, RemoveHeadersOnCopy, ); }; };
		55361E742D5B5B10005EEC15 /* TrimbleMaps.xcframework in Frameworks */ = {isa = PBXBuildFile; fileRef = 55361E642D5B5B10005EEC15 /* TrimbleMaps.xcframework */; };
		55361E752D5B5B10005EEC15 /* TrimbleMaps.xcframework in Embed Frameworks */ = {isa = PBXBuildFile; fileRef = 55361E642D5B5B10005EEC15 /* TrimbleMaps.xcframework */; settings = {ATTRIBUTES = (CodeSignOnCopy, RemoveHeadersOnCopy, ); }; };
		55361E762D5B5B10005EEC15 /* TrimbleMapsCoreNavigation.xcframework in Frameworks */ = {isa = PBXBuildFile; fileRef = 55361E652D5B5B10005EEC15 /* TrimbleMapsCoreNavigation.xcframework */; };
		55361E772D5B5B10005EEC15 /* TrimbleMapsCoreNavigation.xcframework in Embed Frameworks */ = {isa = PBXBuildFile; fileRef = 55361E652D5B5B10005EEC15 /* TrimbleMapsCoreNavigation.xcframework */; settings = {ATTRIBUTES = (CodeSignOnCopy, RemoveHeadersOnCopy, ); }; };
		55361E782D5B5B10005EEC15 /* RoutePlugin.xcframework in Frameworks */ = {isa = PBXBuildFile; fileRef = 55361E662D5B5B10005EEC15 /* RoutePlugin.xcframework */; };
		55361E792D5B5B10005EEC15 /* RoutePlugin.xcframework in Embed Frameworks */ = {isa = PBXBuildFile; fileRef = 55361E662D5B5B10005EEC15 /* RoutePlugin.xcframework */; settings = {ATTRIBUTES = (CodeSignOnCopy, RemoveHeadersOnCopy, ); }; };
		55361E7A2D5B5B10005EEC15 /* SearchUIPlugin.xcframework in Frameworks */ = {isa = PBXBuildFile; fileRef = 55361E672D5B5B10005EEC15 /* SearchUIPlugin.xcframework */; };
		55361E7B2D5B5B10005EEC15 /* SearchUIPlugin.xcframework in Embed Frameworks */ = {isa = PBXBuildFile; fileRef = 55361E672D5B5B10005EEC15 /* SearchUIPlugin.xcframework */; settings = {ATTRIBUTES = (CodeSignOnCopy, RemoveHeadersOnCopy, ); }; };
		55361E7C2D5B5B10005EEC15 /* TrimbleMapsNavigation.xcframework in Frameworks */ = {isa = PBXBuildFile; fileRef = 55361E682D5B5B10005EEC15 /* TrimbleMapsNavigation.xcframework */; };
		55361E7D2D5B5B10005EEC15 /* TrimbleMapsNavigation.xcframework in Embed Frameworks */ = {isa = PBXBuildFile; fileRef = 55361E682D5B5B10005EEC15 /* TrimbleMapsNavigation.xcframework */; settings = {ATTRIBUTES = (CodeSignOnCopy, RemoveHeadersOnCopy, ); }; };
		55361E7E2D5B5B10005EEC15 /* TrimbleMapsWebservicesClient.xcframework in Frameworks */ = {isa = PBXBuildFile; fileRef = 55361E692D5B5B10005EEC15 /* TrimbleMapsWebservicesClient.xcframework */; };
		55361E7F2D5B5B10005EEC15 /* TrimbleMapsWebservicesClient.xcframework in Embed Frameworks */ = {isa = PBXBuildFile; fileRef = 55361E692D5B5B10005EEC15 /* TrimbleMapsWebservicesClient.xcframework */; settings = {ATTRIBUTES = (CodeSignOnCopy, RemoveHeadersOnCopy, ); }; };
		55361E802D5B5B10005EEC15 /* TrimbleMapsMobileEvents.xcframework in Frameworks */ = {isa = PBXBuildFile; fileRef = 55361E6A2D5B5B10005EEC15 /* TrimbleMapsMobileEvents.xcframework */; };
		55361E812D5B5B10005EEC15 /* TrimbleMapsMobileEvents.xcframework in Embed Frameworks */ = {isa = PBXBuildFile; fileRef = 55361E6A2D5B5B10005EEC15 /* TrimbleMapsMobileEvents.xcframework */; settings = {ATTRIBUTES = (CodeSignOnCopy, RemoveHeadersOnCopy, ); }; };
		55361E822D5B5B10005EEC15 /* Solar.xcframework in Frameworks */ = {isa = PBXBuildFile; fileRef = 55361E6B2D5B5B10005EEC15 /* Solar.xcframework */; };
		55361E832D5B5B10005EEC15 /* Solar.xcframework in Embed Frameworks */ = {isa = PBXBuildFile; fileRef = 55361E6B2D5B5B10005EEC15 /* Solar.xcframework */; settings = {ATTRIBUTES = (CodeSignOnCopy, RemoveHeadersOnCopy, ); }; };
		55361E842D5B5B10005EEC15 /* TrimbleMapsNavigationNative.xcframework in Frameworks */ = {isa = PBXBuildFile; fileRef = 55361E6C2D5B5B10005EEC15 /* TrimbleMapsNavigationNative.xcframework */; };
		55361E862D5B5B10005EEC15 /* JWTDecode.xcframework in Frameworks */ = {isa = PBXBuildFile; fileRef = 55361E6D2D5B5B10005EEC15 /* JWTDecode.xcframework */; };
		55361E872D5B5B10005EEC15 /* JWTDecode.xcframework in Embed Frameworks */ = {isa = PBXBuildFile; fileRef = 55361E6D2D5B5B10005EEC15 /* JWTDecode.xcframework */; settings = {ATTRIBUTES = (CodeSignOnCopy, RemoveHeadersOnCopy, ); }; };
		55361E882D5B5B10005EEC15 /* Polyline.xcframework in Frameworks */ = {isa = PBXBuildFile; fileRef = 55361E6E2D5B5B10005EEC15 /* Polyline.xcframework */; };
		55361E892D5B5B10005EEC15 /* Polyline.xcframework in Embed Frameworks */ = {isa = PBXBuildFile; fileRef = 55361E6E2D5B5B10005EEC15 /* Polyline.xcframework */; settings = {ATTRIBUTES = (CodeSignOnCopy, RemoveHeadersOnCopy, ); }; };
		55361E8A2D5B5B10005EEC15 /* Turf.xcframework in Frameworks */ = {isa = PBXBuildFile; fileRef = 55361E6F2D5B5B10005EEC15 /* Turf.xcframework */; };
		55361E8B2D5B5B10005EEC15 /* Turf.xcframework in Embed Frameworks */ = {isa = PBXBuildFile; fileRef = 55361E6F2D5B5B10005EEC15 /* Turf.xcframework */; settings = {ATTRIBUTES = (CodeSignOnCopy, RemoveHeadersOnCopy, ); }; };
		55361E922D5B6219005EEC15 /* ClickablePointsViewController.swift in Sources */ = {isa = PBXBuildFile; fileRef = 55361E912D5B6219005EEC15 /* ClickablePointsViewController.swift */; };
		55361E942D5B626F005EEC15 /* SampleFramingViewController.swift in Sources */ = {isa = PBXBuildFile; fileRef = 55361E932D5B626F005EEC15 /* SampleFramingViewController.swift */; };
		BB02C9772B6D52B50042ED35 /* AppDelegate.swift in Sources */ = {isa = PBXBuildFile; fileRef = BB02C9762B6D52B50042ED35 /* AppDelegate.swift */; };
		BB02C9792B6D52B50042ED35 /* SceneDelegate.swift in Sources */ = {isa = PBXBuildFile; fileRef = BB02C9782B6D52B50042ED35 /* SceneDelegate.swift */; };
		BB02C97B2B6D52B50042ED35 /* ViewController.swift in Sources */ = {isa = PBXBuildFile; fileRef = BB02C97A2B6D52B50042ED35 /* ViewController.swift */; };
		BB02C97E2B6D52B50042ED35 /* Main.storyboard in Resources */ = {isa = PBXBuildFile; fileRef = BB02C97C2B6D52B50042ED35 /* Main.storyboard */; };
		BB02C9802B6D52B70042ED35 /* Assets.xcassets in Resources */ = {isa = PBXBuildFile; fileRef = BB02C97F2B6D52B70042ED35 /* Assets.xcassets */; };
		BB02C9832B6D52B70042ED35 /* LaunchScreen.storyboard in Resources */ = {isa = PBXBuildFile; fileRef = BB02C9812B6D52B70042ED35 /* LaunchScreen.storyboard */; };
		BB02C9A82B6D6DF40042ED35 /* BasicMapViewController.swift in Sources */ = {isa = PBXBuildFile; fileRef = BB02C9A72B6D6DF40042ED35 /* BasicMapViewController.swift */; };
		BB02C9AA2B6D6E9E0042ED35 /* GeocodingViewController.swift in Sources */ = {isa = PBXBuildFile; fileRef = BB02C9A92B6D6E9E0042ED35 /* GeocodingViewController.swift */; };
		BB02C9AC2B6D81610042ED35 /* MapStylesViewController.swift in Sources */ = {isa = PBXBuildFile; fileRef = BB02C9AB2B6D81610042ED35 /* MapStylesViewController.swift */; };
		BB02C9AE2B6D8F3C0042ED35 /* SimpleRoutingViewController.swift in Sources */ = {isa = PBXBuildFile; fileRef = BB02C9AD2B6D8F3C0042ED35 /* SimpleRoutingViewController.swift */; };
		BB02C9B02B6D902B0042ED35 /* TrackingViewController.swift in Sources */ = {isa = PBXBuildFile; fileRef = BB02C9AF2B6D902B0042ED35 /* TrackingViewController.swift */; };
		BB02C9B22B6D90F60042ED35 /* TrimbleLayersViewController.swift in Sources */ = {isa = PBXBuildFile; fileRef = BB02C9B12B6D90F60042ED35 /* TrimbleLayersViewController.swift */; };
		BB02C9B42B6D92330042ED35 /* tristate.json in Resources */ = {isa = PBXBuildFile; fileRef = BB02C9B32B6D92330042ED35 /* tristate.json */; };
		BB02C9B62B6D92510042ED35 /* DataDrivenStylingViewController.swift in Sources */ = {isa = PBXBuildFile; fileRef = BB02C9B52B6D92510042ED35 /* DataDrivenStylingViewController.swift */; };
		BB02C9B82B6D932A0042ED35 /* DotsOnAMapViewController.swift in Sources */ = {isa = PBXBuildFile; fileRef = BB02C9B72B6D932A0042ED35 /* DotsOnAMapViewController.swift */; };
		BB02C9BA2B6D94080042ED35 /* lines.json in Resources */ = {isa = PBXBuildFile; fileRef = BB02C9B92B6D94080042ED35 /* lines.json */; };
		BB02C9BC2B6D94290042ED35 /* LinesOnAMapViewController.swift in Sources */ = {isa = PBXBuildFile; fileRef = BB02C9BB2B6D94290042ED35 /* LinesOnAMapViewController.swift */; };
/* End PBXBuildFile section */

/* Begin PBXCopyFilesBuildPhase section */
		55361E8C2D5B5B10005EEC15 /* Embed Frameworks */ = {
			isa = PBXCopyFilesBuildPhase;
			buildActionMask = 2147483647;
			dstPath = "";
			dstSubfolderSpec = 10;
			files = (
				55361E7F2D5B5B10005EEC15 /* TrimbleMapsWebservicesClient.xcframework in Embed Frameworks */,
				55361E872D5B5B10005EEC15 /* JWTDecode.xcframework in Embed Frameworks */,
				55361E7B2D5B5B10005EEC15 /* SearchUIPlugin.xcframework in Embed Frameworks */,
				55361E812D5B5B10005EEC15 /* TrimbleMapsMobileEvents.xcframework in Embed Frameworks */,
				55361E732D5B5B10005EEC15 /* TrimbleMapsAccounts.xcframework in Embed Frameworks */,
				55361E7D2D5B5B10005EEC15 /* TrimbleMapsNavigation.xcframework in Embed Frameworks */,
				55361E892D5B5B10005EEC15 /* Polyline.xcframework in Embed Frameworks */,
				55361E772D5B5B10005EEC15 /* TrimbleMapsCoreNavigation.xcframework in Embed Frameworks */,
				55361E752D5B5B10005EEC15 /* TrimbleMaps.xcframework in Embed Frameworks */,
				55361E8B2D5B5B10005EEC15 /* Turf.xcframework in Embed Frameworks */,
				55361E792D5B5B10005EEC15 /* RoutePlugin.xcframework in Embed Frameworks */,
				55361E712D5B5B10005EEC15 /* RoutingProfilesPlugin.xcframework in Embed Frameworks */,
				55361E832D5B5B10005EEC15 /* Solar.xcframework in Embed Frameworks */,
			);
			name = "Embed Frameworks";
			runOnlyForDeploymentPostprocessing = 0;
		};
/* End PBXCopyFilesBuildPhase section */

/* Begin PBXFileReference section */
		55361E622D5B5B10005EEC15 /* RoutingProfilesPlugin.xcframework */ = {isa = PBXFileReference; lastKnownFileType = wrapper.xcframework; name = RoutingProfilesPlugin.xcframework; path = ../Carthage/Build/RoutingProfilesPlugin.xcframework; sourceTree = "<group>"; };
		55361E632D5B5B10005EEC15 /* TrimbleMapsAccounts.xcframework */ = {isa = PBXFileReference; lastKnownFileType = wrapper.xcframework; name = TrimbleMapsAccounts.xcframework; path = ../Carthage/Build/TrimbleMapsAccounts.xcframework; sourceTree = "<group>"; };
		55361E642D5B5B10005EEC15 /* TrimbleMaps.xcframework */ = {isa = PBXFileReference; lastKnownFileType = wrapper.xcframework; name = TrimbleMaps.xcframework; path = ../Carthage/Build/TrimbleMaps.xcframework; sourceTree = "<group>"; };
		55361E652D5B5B10005EEC15 /* TrimbleMapsCoreNavigation.xcframework */ = {isa = PBXFileReference; lastKnownFileType = wrapper.xcframework; name = TrimbleMapsCoreNavigation.xcframework; path = ../Carthage/Build/TrimbleMapsCoreNavigation.xcframework; sourceTree = "<group>"; };
		55361E662D5B5B10005EEC15 /* RoutePlugin.xcframework */ = {isa = PBXFileReference; lastKnownFileType = wrapper.xcframework; name = RoutePlugin.xcframework; path = ../Carthage/Build/RoutePlugin.xcframework; sourceTree = "<group>"; };
		55361E672D5B5B10005EEC15 /* SearchUIPlugin.xcframework */ = {isa = PBXFileReference; lastKnownFileType = wrapper.xcframework; name = SearchUIPlugin.xcframework; path = ../Carthage/Build/SearchUIPlugin.xcframework; sourceTree = "<group>"; };
		55361E682D5B5B10005EEC15 /* TrimbleMapsNavigation.xcframework */ = {isa = PBXFileReference; lastKnownFileType = wrapper.xcframework; name = TrimbleMapsNavigation.xcframework; path = ../Carthage/Build/TrimbleMapsNavigation.xcframework; sourceTree = "<group>"; };
		55361E692D5B5B10005EEC15 /* TrimbleMapsWebservicesClient.xcframework */ = {isa = PBXFileReference; lastKnownFileType = wrapper.xcframework; name = TrimbleMapsWebservicesClient.xcframework; path = ../Carthage/Build/TrimbleMapsWebservicesClient.xcframework; sourceTree = "<group>"; };
		55361E6A2D5B5B10005EEC15 /* TrimbleMapsMobileEvents.xcframework */ = {isa = PBXFileReference; lastKnownFileType = wrapper.xcframework; name = TrimbleMapsMobileEvents.xcframework; path = ../Carthage/Build/TrimbleMapsMobileEvents.xcframework; sourceTree = "<group>"; };
		55361E6B2D5B5B10005EEC15 /* Solar.xcframework */ = {isa = PBXFileReference; lastKnownFileType = wrapper.xcframework; name = Solar.xcframework; path = ../Carthage/Build/Solar.xcframework; sourceTree = "<group>"; };
		55361E6C2D5B5B10005EEC15 /* TrimbleMapsNavigationNative.xcframework */ = {isa = PBXFileReference; lastKnownFileType = wrapper.xcframework; name = TrimbleMapsNavigationNative.xcframework; path = ../Carthage/Build/TrimbleMapsNavigationNative.xcframework; sourceTree = "<group>"; };
		55361E6D2D5B5B10005EEC15 /* JWTDecode.xcframework */ = {isa = PBXFileReference; lastKnownFileType = wrapper.xcframework; name = JWTDecode.xcframework; path = ../Carthage/Build/JWTDecode.xcframework; sourceTree = "<group>"; };
		55361E6E2D5B5B10005EEC15 /* Polyline.xcframework */ = {isa = PBXFileReference; lastKnownFileType = wrapper.xcframework; name = Polyline.xcframework; path = ../Carthage/Build/Polyline.xcframework; sourceTree = "<group>"; };
		55361E6F2D5B5B10005EEC15 /* Turf.xcframework */ = {isa = PBXFileReference; lastKnownFileType = wrapper.xcframework; name = Turf.xcframework; path = ../Carthage/Build/Turf.xcframework; sourceTree = "<group>"; };
		55361E912D5B6219005EEC15 /* ClickablePointsViewController.swift */ = {isa = PBXFileReference; lastKnownFileType = sourcecode.swift; path = ClickablePointsViewController.swift; sourceTree = "<group>"; };
		55361E932D5B626F005EEC15 /* SampleFramingViewController.swift */ = {isa = PBXFileReference; lastKnownFileType = sourcecode.swift; path = SampleFramingViewController.swift; sourceTree = "<group>"; };
		BB02C9732B6D52B50042ED35 /* QA-Documentation-MapSDK.app */ = {isa = PBXFileReference; explicitFileType = wrapper.application; includeInIndex = 0; path = "QA-Documentation-MapSDK.app"; sourceTree = BUILT_PRODUCTS_DIR; };
		BB02C9762B6D52B50042ED35 /* AppDelegate.swift */ = {isa = PBXFileReference; lastKnownFileType = sourcecode.swift; path = AppDelegate.swift; sourceTree = "<group>"; };
		BB02C9782B6D52B50042ED35 /* SceneDelegate.swift */ = {isa = PBXFileReference; lastKnownFileType = sourcecode.swift; path = SceneDelegate.swift; sourceTree = "<group>"; };
		BB02C97A2B6D52B50042ED35 /* ViewController.swift */ = {isa = PBXFileReference; lastKnownFileType = sourcecode.swift; path = ViewController.swift; sourceTree = "<group>"; };
		BB02C97D2B6D52B50042ED35 /* Base */ = {isa = PBXFileReference; lastKnownFileType = file.storyboard; name = Base; path = Base.lproj/Main.storyboard; sourceTree = "<group>"; };
		BB02C97F2B6D52B70042ED35 /* Assets.xcassets */ = {isa = PBXFileReference; lastKnownFileType = folder.assetcatalog; path = Assets.xcassets; sourceTree = "<group>"; };
		BB02C9822B6D52B70042ED35 /* Base */ = {isa = PBXFileReference; lastKnownFileType = file.storyboard; name = Base; path = Base.lproj/LaunchScreen.storyboard; sourceTree = "<group>"; };
		BB02C9842B6D52B70042ED35 /* Info.plist */ = {isa = PBXFileReference; lastKnownFileType = text.plist.xml; path = Info.plist; sourceTree = "<group>"; };
		BB02C9A72B6D6DF40042ED35 /* BasicMapViewController.swift */ = {isa = PBXFileReference; lastKnownFileType = sourcecode.swift; path = BasicMapViewController.swift; sourceTree = "<group>"; };
		BB02C9A92B6D6E9E0042ED35 /* GeocodingViewController.swift */ = {isa = PBXFileReference; lastKnownFileType = sourcecode.swift; path = GeocodingViewController.swift; sourceTree = "<group>"; };
		BB02C9AB2B6D81610042ED35 /* MapStylesViewController.swift */ = {isa = PBXFileReference; lastKnownFileType = sourcecode.swift; path = MapStylesViewController.swift; sourceTree = "<group>"; };
		BB02C9AD2B6D8F3C0042ED35 /* SimpleRoutingViewController.swift */ = {isa = PBXFileReference; lastKnownFileType = sourcecode.swift; path = SimpleRoutingViewController.swift; sourceTree = "<group>"; };
		BB02C9AF2B6D902B0042ED35 /* TrackingViewController.swift */ = {isa = PBXFileReference; lastKnownFileType = sourcecode.swift; path = TrackingViewController.swift; sourceTree = "<group>"; };
		BB02C9B12B6D90F60042ED35 /* TrimbleLayersViewController.swift */ = {isa = PBXFileReference; lastKnownFileType = sourcecode.swift; path = TrimbleLayersViewController.swift; sourceTree = "<group>"; };
		BB02C9B32B6D92330042ED35 /* tristate.json */ = {isa = PBXFileReference; lastKnownFileType = text.json; path = tristate.json; sourceTree = "<group>"; };
		BB02C9B52B6D92510042ED35 /* DataDrivenStylingViewController.swift */ = {isa = PBXFileReference; lastKnownFileType = sourcecode.swift; path = DataDrivenStylingViewController.swift; sourceTree = "<group>"; };
		BB02C9B72B6D932A0042ED35 /* DotsOnAMapViewController.swift */ = {isa = PBXFileReference; lastKnownFileType = sourcecode.swift; path = DotsOnAMapViewController.swift; sourceTree = "<group>"; };
		BB02C9B92B6D94080042ED35 /* lines.json */ = {isa = PBXFileReference; lastKnownFileType = text.json; path = lines.json; sourceTree = "<group>"; };
		BB02C9BB2B6D94290042ED35 /* LinesOnAMapViewController.swift */ = {isa = PBXFileReference; lastKnownFileType = sourcecode.swift; path = LinesOnAMapViewController.swift; sourceTree = "<group>"; };
/* End PBXFileReference section */

/* Begin PBXFrameworksBuildPhase section */
		BB02C9702B6D52B50042ED35 /* Frameworks */ = {
			isa = PBXFrameworksBuildPhase;
			buildActionMask = 2147483647;
			files = (
				55361E7E2D5B5B10005EEC15 /* TrimbleMapsWebservicesClient.xcframework in Frameworks */,
				55361E862D5B5B10005EEC15 /* JWTDecode.xcframework in Frameworks */,
				55361E7A2D5B5B10005EEC15 /* SearchUIPlugin.xcframework in Frameworks */,
				55361E802D5B5B10005EEC15 /* TrimbleMapsMobileEvents.xcframework in Frameworks */,
				55361E722D5B5B10005EEC15 /* TrimbleMapsAccounts.xcframework in Frameworks */,
				55361E7C2D5B5B10005EEC15 /* TrimbleMapsNavigation.xcframework in Frameworks */,
				55361E882D5B5B10005EEC15 /* Polyline.xcframework in Frameworks */,
				55361E762D5B5B10005EEC15 /* TrimbleMapsCoreNavigation.xcframework in Frameworks */,
				55361E842D5B5B10005EEC15 /* TrimbleMapsNavigationNative.xcframework in Frameworks */,
				55361E742D5B5B10005EEC15 /* TrimbleMaps.xcframework in Frameworks */,
				55361E8A2D5B5B10005EEC15 /* Turf.xcframework in Frameworks */,
				55361E782D5B5B10005EEC15 /* RoutePlugin.xcframework in Frameworks */,
				55361E702D5B5B10005EEC15 /* RoutingProfilesPlugin.xcframework in Frameworks */,
				55361E822D5B5B10005EEC15 /* Solar.xcframework in Frameworks */,
			);
			runOnlyForDeploymentPostprocessing = 0;
		};
/* End PBXFrameworksBuildPhase section */

/* Begin PBXGroup section */
		BB02C96A2B6D52B50042ED35 = {
			isa = PBXGroup;
			children = (
				BB02C9752B6D52B50042ED35 /* QA-Documentation-MapSDK */,
				BB02C9742B6D52B50042ED35 /* Products */,
				BB02C98A2B6D55890042ED35 /* Frameworks */,
			);
			sourceTree = "<group>";
		};
		BB02C9742B6D52B50042ED35 /* Products */ = {
			isa = PBXGroup;
			children = (
				BB02C9732B6D52B50042ED35 /* QA-Documentation-MapSDK.app */,
			);
			name = Products;
			sourceTree = "<group>";
		};
		BB02C9752B6D52B50042ED35 /* QA-Documentation-MapSDK */ = {
			isa = PBXGroup;
			children = (
				BB02C9762B6D52B50042ED35 /* AppDelegate.swift */,
				BB02C9782B6D52B50042ED35 /* SceneDelegate.swift */,
				BB02C97A2B6D52B50042ED35 /* ViewController.swift */,
				BB02C97C2B6D52B50042ED35 /* Main.storyboard */,
				BB02C97F2B6D52B70042ED35 /* Assets.xcassets */,
				BB02C9812B6D52B70042ED35 /* LaunchScreen.storyboard */,
				BB02C9842B6D52B70042ED35 /* Info.plist */,
				BB02C9A72B6D6DF40042ED35 /* BasicMapViewController.swift */,
				BB02C9A92B6D6E9E0042ED35 /* GeocodingViewController.swift */,
				BB02C9AB2B6D81610042ED35 /* MapStylesViewController.swift */,
				BB02C9AD2B6D8F3C0042ED35 /* SimpleRoutingViewController.swift */,
				BB02C9AF2B6D902B0042ED35 /* TrackingViewController.swift */,
				BB02C9B12B6D90F60042ED35 /* TrimbleLayersViewController.swift */,
				BB02C9B32B6D92330042ED35 /* tristate.json */,
				BB02C9B52B6D92510042ED35 /* DataDrivenStylingViewController.swift */,
				BB02C9B72B6D932A0042ED35 /* DotsOnAMapViewController.swift */,
				BB02C9B92B6D94080042ED35 /* lines.json */,
				BB02C9BB2B6D94290042ED35 /* LinesOnAMapViewController.swift */,
				55361E912D5B6219005EEC15 /* ClickablePointsViewController.swift */,
				55361E932D5B626F005EEC15 /* SampleFramingViewController.swift */,
			);
			path = "QA-Documentation-MapSDK";
			sourceTree = "<group>";
		};
		BB02C98A2B6D55890042ED35 /* Frameworks */ = {
			isa = PBXGroup;
			children = (
				55361E6D2D5B5B10005EEC15 /* JWTDecode.xcframework */,
				55361E6E2D5B5B10005EEC15 /* Polyline.xcframework */,
				55361E662D5B5B10005EEC15 /* RoutePlugin.xcframework */,
				55361E622D5B5B10005EEC15 /* RoutingProfilesPlugin.xcframework */,
				55361E672D5B5B10005EEC15 /* SearchUIPlugin.xcframework */,
				55361E6B2D5B5B10005EEC15 /* Solar.xcframework */,
				55361E642D5B5B10005EEC15 /* TrimbleMaps.xcframework */,
				55361E632D5B5B10005EEC15 /* TrimbleMapsAccounts.xcframework */,
				55361E652D5B5B10005EEC15 /* TrimbleMapsCoreNavigation.xcframework */,
				55361E6A2D5B5B10005EEC15 /* TrimbleMapsMobileEvents.xcframework */,
				55361E682D5B5B10005EEC15 /* TrimbleMapsNavigation.xcframework */,
				55361E6C2D5B5B10005EEC15 /* TrimbleMapsNavigationNative.xcframework */,
				55361E692D5B5B10005EEC15 /* TrimbleMapsWebservicesClient.xcframework */,
				55361E6F2D5B5B10005EEC15 /* Turf.xcframework */,
			);
			name = Frameworks;
			sourceTree = "<group>";
		};
/* End PBXGroup section */

/* Begin PBXNativeTarget section */
		BB02C9722B6D52B50042ED35 /* QA-Documentation-MapSDK */ = {
			isa = PBXNativeTarget;
			buildConfigurationList = BB02C9872B6D52B70042ED35 /* Build configuration list for PBXNativeTarget "QA-Documentation-MapSDK" */;
			buildPhases = (
				BB02C96F2B6D52B50042ED35 /* Sources */,
				BB02C9702B6D52B50042ED35 /* Frameworks */,
				BB02C9712B6D52B50042ED35 /* Resources */,
				55361E8C2D5B5B10005EEC15 /* Embed Frameworks */,
			);
			buildRules = (
			);
			dependencies = (
			);
			name = "QA-Documentation-MapSDK";
			productName = "QA-Documentation-MapSDK";
			productReference = BB02C9732B6D52B50042ED35 /* QA-Documentation-MapSDK.app */;
			productType = "com.apple.product-type.application";
		};
/* End PBXNativeTarget section */

/* Begin PBXProject section */
		BB02C96B2B6D52B50042ED35 /* Project object */ = {
			isa = PBXProject;
			attributes = {
				BuildIndependentTargetsInParallel = 1;
				LastSwiftUpdateCheck = 1520;
				LastUpgradeCheck = 1520;
				TargetAttributes = {
					BB02C9722B6D52B50042ED35 = {
						CreatedOnToolsVersion = 15.2;
					};
				};
			};
			buildConfigurationList = BB02C96E2B6D52B50042ED35 /* Build configuration list for PBXProject "QA-Documentation-MapSDK" */;
			compatibilityVersion = "Xcode 14.0";
			developmentRegion = en;
			hasScannedForEncodings = 0;
			knownRegions = (
				en,
				Base,
			);
			mainGroup = BB02C96A2B6D52B50042ED35;
			productRefGroup = BB02C9742B6D52B50042ED35 /* Products */;
			projectDirPath = "";
			projectRoot = "";
			targets = (
				BB02C9722B6D52B50042ED35 /* QA-Documentation-MapSDK */,
			);
		};
/* End PBXProject section */

/* Begin PBXResourcesBuildPhase section */
		BB02C9712B6D52B50042ED35 /* Resources */ = {
			isa = PBXResourcesBuildPhase;
			buildActionMask = 2147483647;
			files = (
				BB02C9BA2B6D94080042ED35 /* lines.json in Resources */,
				BB02C9832B6D52B70042ED35 /* LaunchScreen.storyboard in Resources */,
				BB02C9B42B6D92330042ED35 /* tristate.json in Resources */,
				BB02C9802B6D52B70042ED35 /* Assets.xcassets in Resources */,
				BB02C97E2B6D52B50042ED35 /* Main.storyboard in Resources */,
			);
			runOnlyForDeploymentPostprocessing = 0;
		};
/* End PBXResourcesBuildPhase section */

/* Begin PBXSourcesBuildPhase section */
		BB02C96F2B6D52B50042ED35 /* Sources */ = {
			isa = PBXSourcesBuildPhase;
			buildActionMask = 2147483647;
			files = (
				BB02C97B2B6D52B50042ED35 /* ViewController.swift in Sources */,
				BB02C9B02B6D902B0042ED35 /* TrackingViewController.swift in Sources */,
				BB02C9772B6D52B50042ED35 /* AppDelegate.swift in Sources */,
				BB02C9AA2B6D6E9E0042ED35 /* GeocodingViewController.swift in Sources */,
				BB02C9BC2B6D94290042ED35 /* LinesOnAMapViewController.swift in Sources */,
				BB02C9AC2B6D81610042ED35 /* MapStylesViewController.swift in Sources */,
				55361E922D5B6219005EEC15 /* ClickablePointsViewController.swift in Sources */,
				BB02C9A82B6D6DF40042ED35 /* BasicMapViewController.swift in Sources */,
				BB02C9AE2B6D8F3C0042ED35 /* SimpleRoutingViewController.swift in Sources */,
				55361E942D5B626F005EEC15 /* SampleFramingViewController.swift in Sources */,
				BB02C9B62B6D92510042ED35 /* DataDrivenStylingViewController.swift in Sources */,
				BB02C9B82B6D932A0042ED35 /* DotsOnAMapViewController.swift in Sources */,
				BB02C9792B6D52B50042ED35 /* SceneDelegate.swift in Sources */,
				BB02C9B22B6D90F60042ED35 /* TrimbleLayersViewController.swift in Sources */,
			);
			runOnlyForDeploymentPostprocessing = 0;
		};
/* End PBXSourcesBuildPhase section */

/* Begin PBXVariantGroup section */
		BB02C97C2B6D52B50042ED35 /* Main.storyboard */ = {
			isa = PBXVariantGroup;
			children = (
				BB02C97D2B6D52B50042ED35 /* Base */,
			);
			name = Main.storyboard;
			sourceTree = "<group>";
		};
		BB02C9812B6D52B70042ED35 /* LaunchScreen.storyboard */ = {
			isa = PBXVariantGroup;
			children = (
				BB02C9822B6D52B70042ED35 /* Base */,
			);
			name = LaunchScreen.storyboard;
			sourceTree = "<group>";
		};
/* End PBXVariantGroup section */

/* Begin XCBuildConfiguration section */
		BB02C9852B6D52B70042ED35 /* Debug */ = {
			isa = XCBuildConfiguration;
			buildSettings = {
				ALWAYS_SEARCH_USER_PATHS = NO;
				ASSETCATALOG_COMPILER_GENERATE_SWIFT_ASSET_SYMBOL_EXTENSIONS = YES;
				CLANG_ANALYZER_NONNULL = YES;
				CLANG_ANALYZER_NUMBER_OBJECT_CONVERSION = YES_AGGRESSIVE;
				CLANG_CXX_LANGUAGE_STANDARD = "gnu++20";
				CLANG_ENABLE_MODULES = YES;
				CLANG_ENABLE_OBJC_ARC = YES;
				CLANG_ENABLE_OBJC_WEAK = YES;
				CLANG_WARN_BLOCK_CAPTURE_AUTORELEASING = YES;
				CLANG_WARN_BOOL_CONVERSION = YES;
				CLANG_WARN_COMMA = YES;
				CLANG_WARN_CONSTANT_CONVERSION = YES;
				CLANG_WARN_DEPRECATED_OBJC_IMPLEMENTATIONS = YES;
				CLANG_WARN_DIRECT_OBJC_ISA_USAGE = YES_ERROR;
				CLANG_WARN_DOCUMENTATION_COMMENTS = YES;
				CLANG_WARN_EMPTY_BODY = YES;
				CLANG_WARN_ENUM_CONVERSION = YES;
				CLANG_WARN_INFINITE_RECURSION = YES;
				CLANG_WARN_INT_CONVERSION = YES;
				CLANG_WARN_NON_LITERAL_NULL_CONVERSION = YES;
				CLANG_WARN_OBJC_IMPLICIT_RETAIN_SELF = YES;
				CLANG_WARN_OBJC_LITERAL_CONVERSION = YES;
				CLANG_WARN_OBJC_ROOT_CLASS = YES_ERROR;
				CLANG_WARN_QUOTED_INCLUDE_IN_FRAMEWORK_HEADER = YES;
				CLANG_WARN_RANGE_LOOP_ANALYSIS = YES;
				CLANG_WARN_STRICT_PROTOTYPES = YES;
				CLANG_WARN_SUSPICIOUS_MOVE = YES;
				CLANG_WARN_UNGUARDED_AVAILABILITY = YES_AGGRESSIVE;
				CLANG_WARN_UNREACHABLE_CODE = YES;
				CLANG_WARN__DUPLICATE_METHOD_MATCH = YES;
				COPY_PHASE_STRIP = NO;
				DEBUG_INFORMATION_FORMAT = dwarf;
				ENABLE_STRICT_OBJC_MSGSEND = YES;
				ENABLE_TESTABILITY = YES;
				ENABLE_USER_SCRIPT_SANDBOXING = YES;
				GCC_C_LANGUAGE_STANDARD = gnu17;
				GCC_DYNAMIC_NO_PIC = NO;
				GCC_NO_COMMON_BLOCKS = YES;
				GCC_OPTIMIZATION_LEVEL = 0;
				GCC_PREPROCESSOR_DEFINITIONS = (
					"DEBUG=1",
					"$(inherited)",
				);
				GCC_WARN_64_TO_32_BIT_CONVERSION = YES;
				GCC_WARN_ABOUT_RETURN_TYPE = YES_ERROR;
				GCC_WARN_UNDECLARED_SELECTOR = YES;
				GCC_WARN_UNINITIALIZED_AUTOS = YES_AGGRESSIVE;
				GCC_WARN_UNUSED_FUNCTION = YES;
				GCC_WARN_UNUSED_VARIABLE = YES;
				IPHONEOS_DEPLOYMENT_TARGET = 17.2;
				LOCALIZATION_PREFERS_STRING_CATALOGS = YES;
				MTL_ENABLE_DEBUG_INFO = INCLUDE_SOURCE;
				MTL_FAST_MATH = YES;
				ONLY_ACTIVE_ARCH = YES;
				SDKROOT = iphoneos;
				SWIFT_ACTIVE_COMPILATION_CONDITIONS = "DEBUG $(inherited)";
				SWIFT_OPTIMIZATION_LEVEL = "-Onone";
			};
			name = Debug;
		};
		BB02C9862B6D52B70042ED35 /* Release */ = {
			isa = XCBuildConfiguration;
			buildSettings = {
				ALWAYS_SEARCH_USER_PATHS = NO;
				ASSETCATALOG_COMPILER_GENERATE_SWIFT_ASSET_SYMBOL_EXTENSIONS = YES;
				CLANG_ANALYZER_NONNULL = YES;
				CLANG_ANALYZER_NUMBER_OBJECT_CONVERSION = YES_AGGRESSIVE;
				CLANG_CXX_LANGUAGE_STANDARD = "gnu++20";
				CLANG_ENABLE_MODULES = YES;
				CLANG_ENABLE_OBJC_ARC = YES;
				CLANG_ENABLE_OBJC_WEAK = YES;
				CLANG_WARN_BLOCK_CAPTURE_AUTORELEASING = YES;
				CLANG_WARN_BOOL_CONVERSION = YES;
				CLANG_WARN_COMMA = YES;
				CLANG_WARN_CONSTANT_CONVERSION = YES;
				CLANG_WARN_DEPRECATED_OBJC_IMPLEMENTATIONS = YES;
				CLANG_WARN_DIRECT_OBJC_ISA_USAGE = YES_ERROR;
				CLANG_WARN_DOCUMENTATION_COMMENTS = YES;
				CLANG_WARN_EMPTY_BODY = YES;
				CLANG_WARN_ENUM_CONVERSION = YES;
				CLANG_WARN_INFINITE_RECURSION = YES;
				CLANG_WARN_INT_CONVERSION = YES;
				CLANG_WARN_NON_LITERAL_NULL_CONVERSION = YES;
				CLANG_WARN_OBJC_IMPLICIT_RETAIN_SELF = YES;
				CLANG_WARN_OBJC_LITERAL_CONVERSION = YES;
				CLANG_WARN_OBJC_ROOT_CLASS = YES_ERROR;
				CLANG_WARN_QUOTED_INCLUDE_IN_FRAMEWORK_HEADER = YES;
				CLANG_WARN_RANGE_LOOP_ANALYSIS = YES;
				CLANG_WARN_STRICT_PROTOTYPES = YES;
				CLANG_WARN_SUSPICIOUS_MOVE = YES;
				CLANG_WARN_UNGUARDED_AVAILABILITY = YES_AGGRESSIVE;
				CLANG_WARN_UNREACHABLE_CODE = YES;
				CLANG_WARN__DUPLICATE_METHOD_MATCH = YES;
				COPY_PHASE_STRIP = NO;
				DEBUG_INFORMATION_FORMAT = "dwarf-with-dsym";
				ENABLE_NS_ASSERTIONS = NO;
				ENABLE_STRICT_OBJC_MSGSEND = YES;
				ENABLE_USER_SCRIPT_SANDBOXING = YES;
				GCC_C_LANGUAGE_STANDARD = gnu17;
				GCC_NO_COMMON_BLOCKS = YES;
				GCC_WARN_64_TO_32_BIT_CONVERSION = YES;
				GCC_WARN_ABOUT_RETURN_TYPE = YES_ERROR;
				GCC_WARN_UNDECLARED_SELECTOR = YES;
				GCC_WARN_UNINITIALIZED_AUTOS = YES_AGGRESSIVE;
				GCC_WARN_UNUSED_FUNCTION = YES;
				GCC_WARN_UNUSED_VARIABLE = YES;
				IPHONEOS_DEPLOYMENT_TARGET = 17.2;
				LOCALIZATION_PREFERS_STRING_CATALOGS = YES;
				MTL_ENABLE_DEBUG_INFO = NO;
				MTL_FAST_MATH = YES;
				SDKROOT = iphoneos;
				SWIFT_COMPILATION_MODE = wholemodule;
				VALIDATE_PRODUCT = YES;
			};
			name = Release;
		};
		BB02C9882B6D52B70042ED35 /* Debug */ = {
			isa = XCBuildConfiguration;
			buildSettings = {
				ASSETCATALOG_COMPILER_APPICON_NAME = AppIcon;
				ASSETCATALOG_COMPILER_GLOBAL_ACCENT_COLOR_NAME = AccentColor;
				CODE_SIGN_IDENTITY = "Apple Development";
				CODE_SIGN_STYLE = Automatic;
				CURRENT_PROJECT_VERSION = 1;
				DEVELOPMENT_TEAM = V9LS4QVT63;
				GENERATE_INFOPLIST_FILE = NO;
				INFOPLIST_FILE = "QA-Documentation-MapSDK/Info.plist";
				INFOPLIST_KEY_UIApplicationSupportsIndirectInputEvents = YES;
				INFOPLIST_KEY_UILaunchStoryboardName = LaunchScreen;
				INFOPLIST_KEY_UIMainStoryboardFile = Main;
				INFOPLIST_KEY_UISupportedInterfaceOrientations_iPad = "UIInterfaceOrientationPortrait UIInterfaceOrientationPortraitUpsideDown UIInterfaceOrientationLandscapeLeft UIInterfaceOrientationLandscapeRight";
				INFOPLIST_KEY_UISupportedInterfaceOrientations_iPhone = "UIInterfaceOrientationPortrait UIInterfaceOrientationLandscapeLeft UIInterfaceOrientationLandscapeRight";
				IPHONEOS_DEPLOYMENT_TARGET = 15.0;
				LD_RUNPATH_SEARCH_PATHS = (
					"$(inherited)",
					"@executable_path/Frameworks",
				);
				MARKETING_VERSION = 1.0;
				PRODUCT_BUNDLE_IDENTIFIER = "com.trimblemaps.mio.demo.qa-documentation-sample";
				PRODUCT_NAME = "$(TARGET_NAME)";
				PROVISIONING_PROFILE_SPECIFIER = "";
				SWIFT_EMIT_LOC_STRINGS = YES;
				SWIFT_VERSION = 5.0;
				TARGETED_DEVICE_FAMILY = "1,2";
			};
			name = Debug;
		};
		BB02C9892B6D52B70042ED35 /* Release */ = {
			isa = XCBuildConfiguration;
			buildSettings = {
				ASSETCATALOG_COMPILER_APPICON_NAME = AppIcon;
				ASSETCATALOG_COMPILER_GLOBAL_ACCENT_COLOR_NAME = AccentColor;
				CODE_SIGN_IDENTITY = "Apple Development";
				CODE_SIGN_STYLE = Automatic;
				CURRENT_PROJECT_VERSION = 1;
				DEVELOPMENT_TEAM = V9LS4QVT63;
				GENERATE_INFOPLIST_FILE = NO;
				INFOPLIST_FILE = "QA-Documentation-MapSDK/Info.plist";
				INFOPLIST_KEY_UIApplicationSupportsIndirectInputEvents = YES;
				INFOPLIST_KEY_UILaunchStoryboardName = LaunchScreen;
				INFOPLIST_KEY_UIMainStoryboardFile = Main;
				INFOPLIST_KEY_UISupportedInterfaceOrientations_iPad = "UIInterfaceOrientationPortrait UIInterfaceOrientationPortraitUpsideDown UIInterfaceOrientationLandscapeLeft UIInterfaceOrientationLandscapeRight";
				INFOPLIST_KEY_UISupportedInterfaceOrientations_iPhone = "UIInterfaceOrientationPortrait UIInterfaceOrientationLandscapeLeft UIInterfaceOrientationLandscapeRight";
				IPHONEOS_DEPLOYMENT_TARGET = 15.0;
				LD_RUNPATH_SEARCH_PATHS = (
					"$(inherited)",
					"@executable_path/Frameworks",
				);
				MARKETING_VERSION = 1.0;
				PRODUCT_BUNDLE_IDENTIFIER = "com.trimblemaps.mio.demo.qa-documentation-sample";
				PRODUCT_NAME = "$(TARGET_NAME)";
				PROVISIONING_PROFILE_SPECIFIER = "";
				SWIFT_EMIT_LOC_STRINGS = YES;
				SWIFT_VERSION = 5.0;
				TARGETED_DEVICE_FAMILY = "1,2";
			};
			name = Release;
		};
/* End XCBuildConfiguration section */

/* Begin XCConfigurationList section */
		BB02C96E2B6D52B50042ED35 /* Build configuration list for PBXProject "QA-Documentation-MapSDK" */ = {
			isa = XCConfigurationList;
			buildConfigurations = (
				BB02C9852B6D52B70042ED35 /* Debug */,
				BB02C9862B6D52B70042ED35 /* Release */,
			);
			defaultConfigurationIsVisible = 0;
			defaultConfigurationName = Release;
		};
		BB02C9872B6D52B70042ED35 /* Build configuration list for PBXNativeTarget "QA-Documentation-MapSDK" */ = {
			isa = XCConfigurationList;
			buildConfigurations = (
				BB02C9882B6D52B70042ED35 /* Debug */,
				BB02C9892B6D52B70042ED35 /* Release */,
			);
			defaultConfigurationIsVisible = 0;
			defaultConfigurationName = Release;
		};
/* End XCConfigurationList section */
	};
	rootObject = BB02C96B2B6D52B50042ED35 /* Project object */;
}
